
Microsoft Visual Studio Solution File, Format Version 12.00
# Visual Studio 15
VisualStudioVersion = 15.0.28307.645
MinimumVisualStudioVersion = 10.0.40219.1
Project("{8BC9CEB8-8B4A-11D0-8D11-00A0C91BC942}") = "C++ PluralSight", "C++ PluralSight\C++ PluralSight.vcxproj", "{3ABAF712-8108-46F9-AD50-32557300D581}"
EndProject
Global
	GlobalSection(SolutionConfigurationPlatforms) = preSolution
		Debug|x64 = Debug|x64
		Debug|x86 = Debug|x86
		Release|x64 = Release|x64
		Release|x86 = Release|x86
	EndGlobalSection
	GlobalSection(ProjectConfigurationPlatforms) = postSolution
		{3ABAF712-8108-46F9-AD50-32557300D581}.Debug|x64.ActiveCfg = Debug|x64
		{3ABAF712-8108-46F9-AD50-32557300D581}.Debug|x64.Build.0 = Debug|x64
		{3ABAF712-8108-46F9-AD50-32557300D581}.Debug|x86.ActiveCfg = Debug|Win32
		{3ABAF712-8108-46F9-AD50-32557300D581}.Debug|x86.Build.0 = Debug|Win32
		{3ABAF712-8108-46F9-AD50-32557300D581}.Release|x64.ActiveCfg = Release|x64
		{3ABAF712-8108-46F9-AD50-32557300D581}.Release|x64.Build.0 = Release|x64
		{3ABAF712-8108-46F9-AD50-32557300D581}.Release|x86.ActiveCfg = Release|Win32
		{3ABAF712-8108-46F9-AD50-32557300D581}.Release|x86.Build.0 = Release|Win32
	EndGlobalSection
	GlobalSection(SolutionProperties) = preSolution
		HideSolutionNode = FALSE
	EndGlobalSection
	GlobalSection(ExtensibilityGlobals) = postSolution
		SolutionGuid = {E9DA2FBD-48B7-40E5-9B6B-AAD6B8DA8D14}
	EndGlobalSection
EndGlobal
