
Microsoft Visual Studio Solution File, Format Version 12.00
# Visual Studio 15
VisualStudioVersion = 15.0.28307.136
MinimumVisualStudioVersion = 10.0.40219.1
Project("{FAE04EC0-301F-11D3-BF4B-00C04F79EFBC}") = "FR1", "Exercicios1\FR1.csproj", "{A23B7584-EB92-40F0-903C-BC2BA3A5F461}"
EndProject
Project("{FAE04EC0-301F-11D3-BF4B-00C04F79EFBC}") = "FR2", "2\FR2.csproj", "{FE704156-80CE-4C45-BEF6-E002D286C8C2}"
EndProject
Project("{FAE04EC0-301F-11D3-BF4B-00C04F79EFBC}") = "3", "3\3.csproj", "{44F34CBA-93FF-42B3-BD51-6C7CC2160358}"
EndProject
Project("{FAE04EC0-301F-11D3-BF4B-00C04F79EFBC}") = "extra", "extra\extra.csproj", "{101968C1-9028-4975-9257-023BED2EC0FB}"
EndProject
Project("{FAE04EC0-301F-11D3-BF4B-00C04F79EFBC}") = "Fibonacci", "Fibonacci\Fibonacci.csproj", "{977C9EC3-AC0A-4641-9D19-E090DC25DACD}"
EndProject
Project("{2150E333-8FDC-42A3-9474-1A3956D46DE8}") = "1", "1", "{FE6C6849-FC8F-4441-A83C-4D2671D3D5D3}"
EndProject
Project("{FAE04EC0-301F-11D3-BF4B-00C04F79EFBC}") = "2", "FR1\2.csproj", "{5EDB5404-0AF5-446A-961F-AF47332CA943}"
EndProject
Global
	GlobalSection(SolutionConfigurationPlatforms) = preSolution
		Debug|Any CPU = Debug|Any CPU
		Release|Any CPU = Release|Any CPU
	EndGlobalSection
	GlobalSection(ProjectConfigurationPlatforms) = postSolution
		{A23B7584-EB92-40F0-903C-BC2BA3A5F461}.Debug|Any CPU.ActiveCfg = Debug|Any CPU
		{A23B7584-EB92-40F0-903C-BC2BA3A5F461}.Debug|Any CPU.Build.0 = Debug|Any CPU
		{A23B7584-EB92-40F0-903C-BC2BA3A5F461}.Release|Any CPU.ActiveCfg = Release|Any CPU
		{A23B7584-EB92-40F0-903C-BC2BA3A5F461}.Release|Any CPU.Build.0 = Release|Any CPU
		{FE704156-80CE-4C45-BEF6-E002D286C8C2}.Debug|Any CPU.ActiveCfg = Debug|Any CPU
		{FE704156-80CE-4C45-BEF6-E002D286C8C2}.Debug|Any CPU.Build.0 = Debug|Any CPU
		{FE704156-80CE-4C45-BEF6-E002D286C8C2}.Release|Any CPU.ActiveCfg = Release|Any CPU
		{FE704156-80CE-4C45-BEF6-E002D286C8C2}.Release|Any CPU.Build.0 = Release|Any CPU
		{44F34CBA-93FF-42B3-BD51-6C7CC2160358}.Debug|Any CPU.ActiveCfg = Debug|Any CPU
		{44F34CBA-93FF-42B3-BD51-6C7CC2160358}.Debug|Any CPU.Build.0 = Debug|Any CPU
		{44F34CBA-93FF-42B3-BD51-6C7CC2160358}.Release|Any CPU.ActiveCfg = Release|Any CPU
		{44F34CBA-93FF-42B3-BD51-6C7CC2160358}.Release|Any CPU.Build.0 = Release|Any CPU
		{101968C1-9028-4975-9257-023BED2EC0FB}.Debug|Any CPU.ActiveCfg = Debug|Any CPU
		{101968C1-9028-4975-9257-023BED2EC0FB}.Debug|Any CPU.Build.0 = Debug|Any CPU
		{101968C1-9028-4975-9257-023BED2EC0FB}.Release|Any CPU.ActiveCfg = Release|Any CPU
		{101968C1-9028-4975-9257-023BED2EC0FB}.Release|Any CPU.Build.0 = Release|Any CPU
		{977C9EC3-AC0A-4641-9D19-E090DC25DACD}.Debug|Any CPU.ActiveCfg = Debug|Any CPU
		{977C9EC3-AC0A-4641-9D19-E090DC25DACD}.Debug|Any CPU.Build.0 = Debug|Any CPU
		{977C9EC3-AC0A-4641-9D19-E090DC25DACD}.Release|Any CPU.ActiveCfg = Release|Any CPU
		{977C9EC3-AC0A-4641-9D19-E090DC25DACD}.Release|Any CPU.Build.0 = Release|Any CPU
		{5EDB5404-0AF5-446A-961F-AF47332CA943}.Debug|Any CPU.ActiveCfg = Debug|Any CPU
		{5EDB5404-0AF5-446A-961F-AF47332CA943}.Debug|Any CPU.Build.0 = Debug|Any CPU
		{5EDB5404-0AF5-446A-961F-AF47332CA943}.Release|Any CPU.ActiveCfg = Release|Any CPU
		{5EDB5404-0AF5-446A-961F-AF47332CA943}.Release|Any CPU.Build.0 = Release|Any CPU
	EndGlobalSection
	GlobalSection(SolutionProperties) = preSolution
		HideSolutionNode = FALSE
	EndGlobalSection
	GlobalSection(NestedProjects) = preSolution
		{A23B7584-EB92-40F0-903C-BC2BA3A5F461} = {FE6C6849-FC8F-4441-A83C-4D2671D3D5D3}
		{FE704156-80CE-4C45-BEF6-E002D286C8C2} = {FE6C6849-FC8F-4441-A83C-4D2671D3D5D3}
	EndGlobalSection
	GlobalSection(ExtensibilityGlobals) = postSolution
		SolutionGuid = {DA7425F0-CBD0-4A36-8F20-E4AB5A1E6B79}
	EndGlobalSection
EndGlobal
