
Microsoft Visual Studio Solution File, Format Version 12.00
# Visual Studio 15
VisualStudioVersion = 15.0.28307.136
MinimumVisualStudioVersion = 10.0.40219.1
Project("{FAE04EC0-301F-11D3-BF4B-00C04F79EFBC}") = "4", "2\4.csproj", "{727151D3-5906-4B4B-B151-EAA2B01328D2}"
EndProject
Project("{2150E333-8FDC-42A3-9474-1A3956D46DE8}") = "NewFolder1", "NewFolder1", "{227C9693-EBE9-4ACD-BC4E-B6E33C6E302D}"
EndProject
Project("{FAE04EC0-301F-11D3-BF4B-00C04F79EFBC}") = "5", "5\5.csproj", "{79BC8F39-2560-4D72-8BBC-6782376FE20D}"
EndProject
Global
	GlobalSection(SolutionConfigurationPlatforms) = preSolution
		Debug|Any CPU = Debug|Any CPU
		Release|Any CPU = Release|Any CPU
	EndGlobalSection
	GlobalSection(ProjectConfigurationPlatforms) = postSolution
		{727151D3-5906-4B4B-B151-EAA2B01328D2}.Debug|Any CPU.ActiveCfg = Debug|Any CPU
		{727151D3-5906-4B4B-B151-EAA2B01328D2}.Debug|Any CPU.Build.0 = Debug|Any CPU
		{727151D3-5906-4B4B-B151-EAA2B01328D2}.Release|Any CPU.ActiveCfg = Release|Any CPU
		{727151D3-5906-4B4B-B151-EAA2B01328D2}.Release|Any CPU.Build.0 = Release|Any CPU
		{79BC8F39-2560-4D72-8BBC-6782376FE20D}.Debug|Any CPU.ActiveCfg = Debug|Any CPU
		{79BC8F39-2560-4D72-8BBC-6782376FE20D}.Debug|Any CPU.Build.0 = Debug|Any CPU
		{79BC8F39-2560-4D72-8BBC-6782376FE20D}.Release|Any CPU.ActiveCfg = Release|Any CPU
		{79BC8F39-2560-4D72-8BBC-6782376FE20D}.Release|Any CPU.Build.0 = Release|Any CPU
	EndGlobalSection
	GlobalSection(SolutionProperties) = preSolution
		HideSolutionNode = FALSE
	EndGlobalSection
	GlobalSection(ExtensibilityGlobals) = postSolution
		SolutionGuid = {65A5443B-1E51-4F9A-92EC-82500E5CAF0B}
	EndGlobalSection
EndGlobal
