
Microsoft Visual Studio Solution File, Format Version 12.00
# Visual Studio 15
VisualStudioVersion = 15.0.27130.2027
MinimumVisualStudioVersion = 10.0.40219.1
Project("{FAE04EC0-301F-11D3-BF4B-00C04F79EFBC}") = "2-HoraeData", "2-HoraeData\2-HoraeData.csproj", "{18B4CDC9-3D9F-4CBA-B47C-23C6A98AE335}"
EndProject
Project("{FAE04EC0-301F-11D3-BF4B-00C04F79EFBC}") = "3-ValorProduto", "3-ValorProduto\3-ValorProduto.csproj", "{3B0814B4-C6D9-4512-92D2-75A75784D170}"
EndProject
Global
	GlobalSection(SolutionConfigurationPlatforms) = preSolution
		Debug|Any CPU = Debug|Any CPU
		Release|Any CPU = Release|Any CPU
	EndGlobalSection
	GlobalSection(ProjectConfigurationPlatforms) = postSolution
		{18B4CDC9-3D9F-4CBA-B47C-23C6A98AE335}.Debug|Any CPU.ActiveCfg = Debug|Any CPU
		{18B4CDC9-3D9F-4CBA-B47C-23C6A98AE335}.Debug|Any CPU.Build.0 = Debug|Any CPU
		{18B4CDC9-3D9F-4CBA-B47C-23C6A98AE335}.Release|Any CPU.ActiveCfg = Release|Any CPU
		{18B4CDC9-3D9F-4CBA-B47C-23C6A98AE335}.Release|Any CPU.Build.0 = Release|Any CPU
		{3B0814B4-C6D9-4512-92D2-75A75784D170}.Debug|Any CPU.ActiveCfg = Debug|Any CPU
		{3B0814B4-C6D9-4512-92D2-75A75784D170}.Debug|Any CPU.Build.0 = Debug|Any CPU
		{3B0814B4-C6D9-4512-92D2-75A75784D170}.Release|Any CPU.ActiveCfg = Release|Any CPU
		{3B0814B4-C6D9-4512-92D2-75A75784D170}.Release|Any CPU.Build.0 = Release|Any CPU
	EndGlobalSection
	GlobalSection(SolutionProperties) = preSolution
		HideSolutionNode = FALSE
	EndGlobalSection
	GlobalSection(ExtensibilityGlobals) = postSolution
		SolutionGuid = {34F7A59F-5B8B-4B9B-98A8-736FC71328AF}
	EndGlobalSection
EndGlobal
