
Microsoft Visual Studio Solution File, Format Version 12.00
# Visual Studio 15
VisualStudioVersion = 15.0.27130.2027
MinimumVisualStudioVersion = 10.0.40219.1
Project("{FAE04EC0-301F-11D3-BF4B-00C04F79EFBC}") = "FR1", "FR1\FR1.csproj", "{84522C88-40AA-4DF3-A39A-B746BA110C89}"
EndProject
Project("{FAE04EC0-301F-11D3-BF4B-00C04F79EFBC}") = "FR2", "FR2\FR2.csproj", "{33D3604E-8615-4F3D-A082-AF55D5537199}"
EndProject
Project("{FAE04EC0-301F-11D3-BF4B-00C04F79EFBC}") = "2", "FR3\2.csproj", "{D44D1CEF-CAFA-44EF-902C-A8BEA26FBDE6}"
EndProject
Project("{FAE04EC0-301F-11D3-BF4B-00C04F79EFBC}") = "3", "3\3.csproj", "{435F428F-703A-4B50-A588-A99F11821EE7}"
EndProject
Project("{FAE04EC0-301F-11D3-BF4B-00C04F79EFBC}") = "4", "4\4.csproj", "{89A469A2-56E4-4637-B2D8-C1205F16D1B1}"
EndProject
Global
	GlobalSection(SolutionConfigurationPlatforms) = preSolution
		Debug|Any CPU = Debug|Any CPU
		Release|Any CPU = Release|Any CPU
	EndGlobalSection
	GlobalSection(ProjectConfigurationPlatforms) = postSolution
		{84522C88-40AA-4DF3-A39A-B746BA110C89}.Debug|Any CPU.ActiveCfg = Debug|Any CPU
		{84522C88-40AA-4DF3-A39A-B746BA110C89}.Debug|Any CPU.Build.0 = Debug|Any CPU
		{84522C88-40AA-4DF3-A39A-B746BA110C89}.Release|Any CPU.ActiveCfg = Release|Any CPU
		{84522C88-40AA-4DF3-A39A-B746BA110C89}.Release|Any CPU.Build.0 = Release|Any CPU
		{33D3604E-8615-4F3D-A082-AF55D5537199}.Debug|Any CPU.ActiveCfg = Debug|Any CPU
		{33D3604E-8615-4F3D-A082-AF55D5537199}.Debug|Any CPU.Build.0 = Debug|Any CPU
		{33D3604E-8615-4F3D-A082-AF55D5537199}.Release|Any CPU.ActiveCfg = Release|Any CPU
		{33D3604E-8615-4F3D-A082-AF55D5537199}.Release|Any CPU.Build.0 = Release|Any CPU
		{D44D1CEF-CAFA-44EF-902C-A8BEA26FBDE6}.Debug|Any CPU.ActiveCfg = Debug|Any CPU
		{D44D1CEF-CAFA-44EF-902C-A8BEA26FBDE6}.Debug|Any CPU.Build.0 = Debug|Any CPU
		{D44D1CEF-CAFA-44EF-902C-A8BEA26FBDE6}.Release|Any CPU.ActiveCfg = Release|Any CPU
		{D44D1CEF-CAFA-44EF-902C-A8BEA26FBDE6}.Release|Any CPU.Build.0 = Release|Any CPU
		{435F428F-703A-4B50-A588-A99F11821EE7}.Debug|Any CPU.ActiveCfg = Debug|Any CPU
		{435F428F-703A-4B50-A588-A99F11821EE7}.Debug|Any CPU.Build.0 = Debug|Any CPU
		{435F428F-703A-4B50-A588-A99F11821EE7}.Release|Any CPU.ActiveCfg = Release|Any CPU
		{435F428F-703A-4B50-A588-A99F11821EE7}.Release|Any CPU.Build.0 = Release|Any CPU
		{89A469A2-56E4-4637-B2D8-C1205F16D1B1}.Debug|Any CPU.ActiveCfg = Debug|Any CPU
		{89A469A2-56E4-4637-B2D8-C1205F16D1B1}.Debug|Any CPU.Build.0 = Debug|Any CPU
		{89A469A2-56E4-4637-B2D8-C1205F16D1B1}.Release|Any CPU.ActiveCfg = Release|Any CPU
		{89A469A2-56E4-4637-B2D8-C1205F16D1B1}.Release|Any CPU.Build.0 = Release|Any CPU
	EndGlobalSection
	GlobalSection(SolutionProperties) = preSolution
		HideSolutionNode = FALSE
	EndGlobalSection
	GlobalSection(ExtensibilityGlobals) = postSolution
		SolutionGuid = {4DB688E2-56BE-4774-85B3-BBA835B15EFC}
	EndGlobalSection
EndGlobal
