
Microsoft Visual Studio Solution File, Format Version 12.00
# Visual Studio 15
VisualStudioVersion = 15.0.27130.2020
MinimumVisualStudioVersion = 10.0.40219.1
Project("{FAE04EC0-301F-11D3-BF4B-00C04F79EFBC}") = "4", "15012018\4.csproj", "{08F6B02F-538B-48BA-9B87-AC0B2108FBA9}"
EndProject
Project("{FAE04EC0-301F-11D3-BF4B-00C04F79EFBC}") = "4_Kimura", "4_Kimura\4_Kimura.csproj", "{C13CA4EF-5693-406F-97CD-051DB9FF76B0}"
EndProject
Project("{FAE04EC0-301F-11D3-BF4B-00C04F79EFBC}") = "5", "5\5.csproj", "{7EC59A04-AAAD-4E6E-AB88-9603361DDF81}"
EndProject
Project("{FAE04EC0-301F-11D3-BF4B-00C04F79EFBC}") = "9", "9\9.csproj", "{113C6311-2D4E-444F-91AB-8252AE506537}"
EndProject
Project("{FAE04EC0-301F-11D3-BF4B-00C04F79EFBC}") = "9_novo", "9_novo\9_novo.csproj", "{B8E7BD05-B2AA-440E-9AB5-13915EB0E094}"
EndProject
Global
	GlobalSection(SolutionConfigurationPlatforms) = preSolution
		Debug|Any CPU = Debug|Any CPU
		Release|Any CPU = Release|Any CPU
	EndGlobalSection
	GlobalSection(ProjectConfigurationPlatforms) = postSolution
		{08F6B02F-538B-48BA-9B87-AC0B2108FBA9}.Debug|Any CPU.ActiveCfg = Debug|Any CPU
		{08F6B02F-538B-48BA-9B87-AC0B2108FBA9}.Debug|Any CPU.Build.0 = Debug|Any CPU
		{08F6B02F-538B-48BA-9B87-AC0B2108FBA9}.Release|Any CPU.ActiveCfg = Release|Any CPU
		{08F6B02F-538B-48BA-9B87-AC0B2108FBA9}.Release|Any CPU.Build.0 = Release|Any CPU
		{C13CA4EF-5693-406F-97CD-051DB9FF76B0}.Debug|Any CPU.ActiveCfg = Debug|Any CPU
		{C13CA4EF-5693-406F-97CD-051DB9FF76B0}.Debug|Any CPU.Build.0 = Debug|Any CPU
		{C13CA4EF-5693-406F-97CD-051DB9FF76B0}.Release|Any CPU.ActiveCfg = Release|Any CPU
		{C13CA4EF-5693-406F-97CD-051DB9FF76B0}.Release|Any CPU.Build.0 = Release|Any CPU
		{7EC59A04-AAAD-4E6E-AB88-9603361DDF81}.Debug|Any CPU.ActiveCfg = Debug|Any CPU
		{7EC59A04-AAAD-4E6E-AB88-9603361DDF81}.Debug|Any CPU.Build.0 = Debug|Any CPU
		{7EC59A04-AAAD-4E6E-AB88-9603361DDF81}.Release|Any CPU.ActiveCfg = Release|Any CPU
		{7EC59A04-AAAD-4E6E-AB88-9603361DDF81}.Release|Any CPU.Build.0 = Release|Any CPU
		{113C6311-2D4E-444F-91AB-8252AE506537}.Debug|Any CPU.ActiveCfg = Debug|Any CPU
		{113C6311-2D4E-444F-91AB-8252AE506537}.Debug|Any CPU.Build.0 = Debug|Any CPU
		{113C6311-2D4E-444F-91AB-8252AE506537}.Release|Any CPU.ActiveCfg = Release|Any CPU
		{113C6311-2D4E-444F-91AB-8252AE506537}.Release|Any CPU.Build.0 = Release|Any CPU
		{B8E7BD05-B2AA-440E-9AB5-13915EB0E094}.Debug|Any CPU.ActiveCfg = Debug|Any CPU
		{B8E7BD05-B2AA-440E-9AB5-13915EB0E094}.Debug|Any CPU.Build.0 = Debug|Any CPU
		{B8E7BD05-B2AA-440E-9AB5-13915EB0E094}.Release|Any CPU.ActiveCfg = Release|Any CPU
		{B8E7BD05-B2AA-440E-9AB5-13915EB0E094}.Release|Any CPU.Build.0 = Release|Any CPU
	EndGlobalSection
	GlobalSection(SolutionProperties) = preSolution
		HideSolutionNode = FALSE
	EndGlobalSection
	GlobalSection(ExtensibilityGlobals) = postSolution
		SolutionGuid = {429F99E2-22F3-460A-B258-7E4B691A5BCB}
	EndGlobalSection
EndGlobal
