
Microsoft Visual Studio Solution File, Format Version 12.00
# Visual Studio 15
VisualStudioVersion = 15.0.27130.2020
MinimumVisualStudioVersion = 10.0.40219.1
Project("{FAE04EC0-301F-11D3-BF4B-00C04F79EFBC}") = "ConsoleApp1", "ConsoleApp1\ConsoleApp1.csproj", "{EE47FCBC-8FB0-4528-9E83-BB8F437C8AF1}"
EndProject
Global
	GlobalSection(SolutionConfigurationPlatforms) = preSolution
		Debug|Any CPU = Debug|Any CPU
		Release|Any CPU = Release|Any CPU
	EndGlobalSection
	GlobalSection(ProjectConfigurationPlatforms) = postSolution
		{EE47FCBC-8FB0-4528-9E83-BB8F437C8AF1}.Debug|Any CPU.ActiveCfg = Debug|Any CPU
		{EE47FCBC-8FB0-4528-9E83-BB8F437C8AF1}.Debug|Any CPU.Build.0 = Debug|Any CPU
		{EE47FCBC-8FB0-4528-9E83-BB8F437C8AF1}.Release|Any CPU.ActiveCfg = Release|Any CPU
		{EE47FCBC-8FB0-4528-9E83-BB8F437C8AF1}.Release|Any CPU.Build.0 = Release|Any CPU
	EndGlobalSection
	GlobalSection(SolutionProperties) = preSolution
		HideSolutionNode = FALSE
	EndGlobalSection
	GlobalSection(ExtensibilityGlobals) = postSolution
		SolutionGuid = {5FB06F1F-0C37-4E62-A59A-F31FE35BD164}
	EndGlobalSection
EndGlobal
